
Microsoft Visual Studio Solution File, Format Version 12.00
# Visual Studio Version 16
VisualStudioVersion = 16.0.31729.503
MinimumVisualStudioVersion = 10.0.40219.1
Project("{9A19103F-16F7-4668-BE54-9A1E7A4F7556}") = "Practice_02", "udemy_csharp_practice_02\Practice_02.csproj", "{383623B2-8203-44D7-BB49-49246F1BE1D8}"
EndProject
Project("{9A19103F-16F7-4668-BE54-9A1E7A4F7556}") = "Practice_03", "udemy_csharp_practice_03\Practice_03.csproj", "{6E3DA649-9CC5-48D9-9973-38E918B92A88}"
EndProject
Project("{9A19103F-16F7-4668-BE54-9A1E7A4F7556}") = "Practice_04", "udemy_csharp_practice_04\Practice_04.csproj", "{E7207A4F-0E6F-4D4F-82BD-E2E70BA91FA3}"
EndProject
Project("{FAE04EC0-301F-11D3-BF4B-00C04F79EFBC}") = "Practice_01", "udemy_csharp_practice_001\Practice_01.csproj", "{EA39CB12-D06B-46BB-9250-BD246F5C3E66}"
EndProject
Project("{FAE04EC0-301F-11D3-BF4B-00C04F79EFBC}") = "Practice_05", "Practice_05\Practice_05.csproj", "{2FA535E7-9CEA-4861-AE02-64CF0D82244A}"
EndProject
Global
	GlobalSection(SolutionConfigurationPlatforms) = preSolution
		Debug|Any CPU = Debug|Any CPU
		Release|Any CPU = Release|Any CPU
	EndGlobalSection
	GlobalSection(ProjectConfigurationPlatforms) = postSolution
		{383623B2-8203-44D7-BB49-49246F1BE1D8}.Debug|Any CPU.ActiveCfg = Debug|Any CPU
		{383623B2-8203-44D7-BB49-49246F1BE1D8}.Debug|Any CPU.Build.0 = Debug|Any CPU
		{383623B2-8203-44D7-BB49-49246F1BE1D8}.Release|Any CPU.ActiveCfg = Release|Any CPU
		{383623B2-8203-44D7-BB49-49246F1BE1D8}.Release|Any CPU.Build.0 = Release|Any CPU
		{6E3DA649-9CC5-48D9-9973-38E918B92A88}.Debug|Any CPU.ActiveCfg = Debug|Any CPU
		{6E3DA649-9CC5-48D9-9973-38E918B92A88}.Debug|Any CPU.Build.0 = Debug|Any CPU
		{6E3DA649-9CC5-48D9-9973-38E918B92A88}.Release|Any CPU.ActiveCfg = Release|Any CPU
		{6E3DA649-9CC5-48D9-9973-38E918B92A88}.Release|Any CPU.Build.0 = Release|Any CPU
		{E7207A4F-0E6F-4D4F-82BD-E2E70BA91FA3}.Debug|Any CPU.ActiveCfg = Debug|Any CPU
		{E7207A4F-0E6F-4D4F-82BD-E2E70BA91FA3}.Debug|Any CPU.Build.0 = Debug|Any CPU
		{E7207A4F-0E6F-4D4F-82BD-E2E70BA91FA3}.Release|Any CPU.ActiveCfg = Release|Any CPU
		{E7207A4F-0E6F-4D4F-82BD-E2E70BA91FA3}.Release|Any CPU.Build.0 = Release|Any CPU
		{EA39CB12-D06B-46BB-9250-BD246F5C3E66}.Debug|Any CPU.ActiveCfg = Debug|Any CPU
		{EA39CB12-D06B-46BB-9250-BD246F5C3E66}.Debug|Any CPU.Build.0 = Debug|Any CPU
		{EA39CB12-D06B-46BB-9250-BD246F5C3E66}.Release|Any CPU.ActiveCfg = Release|Any CPU
		{EA39CB12-D06B-46BB-9250-BD246F5C3E66}.Release|Any CPU.Build.0 = Release|Any CPU
		{2FA535E7-9CEA-4861-AE02-64CF0D82244A}.Debug|Any CPU.ActiveCfg = Debug|Any CPU
		{2FA535E7-9CEA-4861-AE02-64CF0D82244A}.Debug|Any CPU.Build.0 = Debug|Any CPU
		{2FA535E7-9CEA-4861-AE02-64CF0D82244A}.Release|Any CPU.ActiveCfg = Release|Any CPU
		{2FA535E7-9CEA-4861-AE02-64CF0D82244A}.Release|Any CPU.Build.0 = Release|Any CPU
	EndGlobalSection
	GlobalSection(SolutionProperties) = preSolution
		HideSolutionNode = FALSE
	EndGlobalSection
	GlobalSection(ExtensibilityGlobals) = postSolution
		SolutionGuid = {65C45AFF-505B-4A0B-A7DE-C53C59BF8E1D}
	EndGlobalSection
EndGlobal
